
Microsoft Visual Studio Solution File, Format Version 12.00
# Visual Studio Version 16
VisualStudioVersion = 16.0.33328.57
MinimumVisualStudioVersion = 10.0.40219.1
Project("{9A19103F-16F7-4668-BE54-9A1E7A4F7556}") = "WorkingHoursWShifts12Day24Off12Night48Off", "WorkingHoursWShifts12Day24Off12Night48Off\WorkingHoursWShifts12Day24Off12Night48Off.csproj", "{CFEEE87B-733B-4EF9-9F3C-D856D564E3D8}"
EndProject
Project("{FAE04EC0-301F-11D3-BF4B-00C04F79EFBC}") = "WorkingHours12shift.Test", "WorkingHours12shift.Test\WorkingHours12shift.Test.csproj", "{163561C0-936E-48D3-81DF-0BC9D6713B04}"
EndProject
Global
	GlobalSection(SolutionConfigurationPlatforms) = preSolution
		Debug|Any CPU = Debug|Any CPU
		Release|Any CPU = Release|Any CPU
	EndGlobalSection
	GlobalSection(ProjectConfigurationPlatforms) = postSolution
		{CFEEE87B-733B-4EF9-9F3C-D856D564E3D8}.Debug|Any CPU.ActiveCfg = Debug|Any CPU
		{CFEEE87B-733B-4EF9-9F3C-D856D564E3D8}.Debug|Any CPU.Build.0 = Debug|Any CPU
		{CFEEE87B-733B-4EF9-9F3C-D856D564E3D8}.Release|Any CPU.ActiveCfg = Release|Any CPU
		{CFEEE87B-733B-4EF9-9F3C-D856D564E3D8}.Release|Any CPU.Build.0 = Release|Any CPU
		{163561C0-936E-48D3-81DF-0BC9D6713B04}.Debug|Any CPU.ActiveCfg = Debug|Any CPU
		{163561C0-936E-48D3-81DF-0BC9D6713B04}.Debug|Any CPU.Build.0 = Debug|Any CPU
		{163561C0-936E-48D3-81DF-0BC9D6713B04}.Release|Any CPU.ActiveCfg = Release|Any CPU
		{163561C0-936E-48D3-81DF-0BC9D6713B04}.Release|Any CPU.Build.0 = Release|Any CPU
	EndGlobalSection
	GlobalSection(SolutionProperties) = preSolution
		HideSolutionNode = FALSE
	EndGlobalSection
	GlobalSection(ExtensibilityGlobals) = postSolution
		SolutionGuid = {708DBDD3-D1CD-4B0A-8F1F-627F20E78330}
	EndGlobalSection
EndGlobal
